
Microsoft Visual Studio Solution File, Format Version 12.00
# Visual Studio Version 17
VisualStudioVersion = 17.13.36105.23
MinimumVisualStudioVersion = 10.0.40219.1
Project("{FAE04EC0-301F-11D3-BF4B-00C04F79EFBC}") = "OpenXmlGenericsWrapper", "OpenXmlGenericsWrapper.csproj", "{BE94659A-C76A-47F7-8C98-5CDCCA37515F}"
EndProject
Project("{FAE04EC0-301F-11D3-BF4B-00C04F79EFBC}") = "OpenXmlGenericsWrapper.Tests", "Tests\OpenXmlGenericsWrapper.Tests\OpenXmlGenericsWrapper.Tests.csproj", "{4CB97AD0-5879-4932-9F6C-C947D372BC24}"
EndProject
Global
	GlobalSection(SolutionConfigurationPlatforms) = preSolution
		Debug|Any CPU = Debug|Any CPU
		Release|Any CPU = Release|Any CPU
	EndGlobalSection
	GlobalSection(ProjectConfigurationPlatforms) = postSolution
		{BE94659A-C76A-47F7-8C98-5CDCCA37515F}.Debug|Any CPU.ActiveCfg = Debug|Any CPU
		{BE94659A-C76A-47F7-8C98-5CDCCA37515F}.Release|Any CPU.ActiveCfg = Release|Any CPU
		{BE94659A-C76A-47F7-8C98-5CDCCA37515F}.Release|Any CPU.Build.0 = Release|Any CPU
		{4CB97AD0-5879-4932-9F6C-C947D372BC24}.Debug|Any CPU.ActiveCfg = Debug|Any CPU
		{4CB97AD0-5879-4932-9F6C-C947D372BC24}.Release|Any CPU.ActiveCfg = Release|Any CPU
	EndGlobalSection
	GlobalSection(SolutionProperties) = preSolution
		HideSolutionNode = FALSE
	EndGlobalSection
	GlobalSection(ExtensibilityGlobals) = postSolution
		SolutionGuid = {DBDBC6C1-88BB-4589-B871-B331FEE4C6E1}
	EndGlobalSection
EndGlobal
